{
  "ailang_version": "v0.47.0-6-gcc021f329-dirty",
  "generated_at": "2026-09-28T14:36:59.860825Z",
  "generator": "ailang lock v0.47.0-6-gcc021f329-dirty",
  "packages": [
    {
      "ailang": ">=0.9.2",
      "content_hash": "sha256:ad23c73004ff9a1737767ee955ab7956a169b0f8dcbf1d3a7f6e0d0a176dac45",
      "effects": null,
      "exports": [
        "sunholo/logging/logger"
      ],
      "interface_hash": "sha256:99ebe707436f715a52bf897a8c4cca699acfbd83ff007a3d8e16f1c5608ce1e7",
      "name": "sunholo/logging",
      "source": "registry",
      "version": "0.4.0"
    },
    {
      "content_hash": "sha256:640d5d0652fb0a2e5df5adcd51b3223df9b2e1d3a33c1b533f5c9364cf602e6b",
      "effects": [
        "AI",
        "Clock",
        "Env",
        "FS",
        "IO",
        "Net",
        "Process",
        "Rand",
        "SharedMem",
        "Stream",
        "Trace"
      ],
      "exports": [
        "sunholo/motoko_ext_a2a/a2a",
        "sunholo/motoko_ext_a2a/config",
        "sunholo/motoko_ext_a2a/register",
        "sunholo/motoko_ext_a2a/types"
      ],
      "interface_hash": "sha256:34b49dfcbe3c0cf7bd6ce3154c7025d3793c9916b73a17fb96d31b7fe349d4cb",
      "name": "sunholo/motoko_ext_a2a",
      "path": "packages/motoko-ext-a2a",
      "source": "path",
      "version": "0.2.2"
    },
    {
      "ailang": ">=0.17.0",
      "content_hash": "sha256:7804bdc524d4f36e780267bd1717e18b2cbb53fad7516601a64663e8fe692e2e",
      "effects": [],
      "exports": [
        "sunholo/motoko_ext_abi/types"
      ],
      "interface_hash": "sha256:b7c7cb6f878bbe2719481a152e21eb27e699dafaf007bf0093397e7c10580f92",
      "name": "sunholo/motoko_ext_abi",
      "path": "packages/motoko-ext-abi",
      "source": "path",
      "version": "8.0"
    },
    {
      "content_hash": "sha256:426faa95935dda7a88d7536fdda40cf4d8fc94984f9f0525f4e66ea233998b63",
      "effects": [
        "AI",
        "Clock",
        "Env",
        "FS",
        "IO",
        "Net",
        "Process",
        "Rand",
        "SharedMem",
        "Stream",
        "Trace"
      ],
      "exports": [
        "sunholo/motoko_ext_agentcli/agentcli",
        "sunholo/motoko_ext_agentcli/providers",
        "sunholo/motoko_ext_agentcli/register"
      ],
      "interface_hash": "sha256:a3e98d853ffff20f4936bd2822fb8eb9597f9235572d136205c187a10728c5d8",
      "name": "sunholo/motoko_ext_agentcli",
      "path": "packages/motoko-ext-agentcli",
      "source": "path",
      "version": "0.1.0"
    },
    {
      "ailang": ">=0.21.0",
      "content_hash": "sha256:209b7c8b0e6fc4b93a4299cceb2502031b1cb7b1ef7e8f4f95e89a65c6922cd8",
      "effects": [
        "AI",
        "Clock",
        "Env",
        "FS",
        "IO",
        "Net",
        "Process",
        "SharedMem",
        "Stream"
      ],
      "exports": [
        "sunholo/motoko_ext_ai_compat/ai_compat"
      ],
      "interface_hash": "sha256:b26f0daa4c37214249cb0445d8bc7391be5f0622fd7884fb757d7e548a3e3ba9",
      "name": "sunholo/motoko_ext_ai_compat",
      "path": "packages/motoko-ext-ai-compat",
      "source": "path",
      "version": "0.2.1"
    },
    {
      "ailang": ">=0.18.11",
      "content_hash": "sha256:35b0d93134c6e7881564456b12977e0a8703d7bb3801d1295027ead8f38cf0ea",
      "effects": [
        "AI",
        "Clock",
        "Env",
        "FS",
        "IO",
        "Net",
        "Process",
        "Rand",
        "SharedMem",
        "Stream",
        "Trace"
      ],
      "exports": [
        "sunholo/motoko_ext_ailang_docs/ailang_docs",
        "sunholo/motoko_ext_ailang_docs/prompts",
        "sunholo/motoko_ext_ailang_docs/register",
        "sunholo/motoko_ext_ailang_docs/types"
      ],
      "interface_hash": "sha256:b420e881dc47d0ce61950975fad13c615cc70595195d0eaed5ea279ed96e2bb2",
      "name": "sunholo/motoko_ext_ailang_docs",
      "path": "packages/motoko-ext-ailang-docs",
      "source": "path",
      "version": "0.1.4"
    },
    {
      "ailang": ">=0.17.0",
      "content_hash": "sha256:1d12b2eedf973aed6fa5c5c9d96f597c70e546ae7909ea1a9c535eb07264d96b",
      "effects": [
        "AI",
        "Clock",
        "Env",
        "FS",
        "IO",
        "Net",
        "Process",
        "Rand",
        "SharedMem",
        "Stream",
        "Trace"
      ],
      "exports": [
        "sunholo/motoko_ext_ailang_tools/edits",
        "sunholo/motoko_ext_ailang_tools/register"
      ],
      "interface_hash": "sha256:3e7e0816f53a28a40ddbf205437c513de58e62c1b748331d97f8b7bb922b7feb",
      "name": "sunholo/motoko_ext_ailang_tools",
      "path": "packages/motoko-ext-ailang-tools",
      "source": "path",
      "version": "0.1.0"
    },
    {
      "ailang": ">=0.19.1",
      "content_hash": "sha256:9a7509044fc0d5ea75ce23238896b1052b857d6f617ad4b9c9d320ebf00311be",
      "effects": [
        "AI",
        "Env",
        "FS",
        "IO",
        "Trace"
      ],
      "exports": [
        "sunholo/motoko_ext_compaction_ai/compaction_ai",
        "sunholo/motoko_ext_compaction_ai/register",
        "sunholo/motoko_ext_compaction_ai/types"
      ],
      "interface_hash": "sha256:b926b4eae74929f1f11faa0151f94d1430ae54b29dfc9ae9d1803c7cb1ec6f23",
      "name": "sunholo/motoko_ext_compaction_ai",
      "path": "packages/motoko-ext-compaction-ai",
      "source": "path",
      "version": "0.3.0"
    },
    {
      "content_hash": "sha256:3bf5058ccd2a14463b5a468bb7a8fcb778c660a79b2d400e042a458da510830b",
      "effects": [
        "AI",
        "Clock",
        "Env",
        "FS",
        "IO",
        "Net",
        "Process",
        "SharedMem",
        "Stream",
        "Trace"
      ],
      "exports": [
        "sunholo/motoko_ext_compaction_structural/compaction_structural",
        "sunholo/motoko_ext_compaction_structural/register"
      ],
      "interface_hash": "sha256:c3d20c53ac0039bce85994245e3ae078d90fe48f60da5d5044d3345202ff7e28",
      "name": "sunholo/motoko_ext_compaction_structural",
      "path": "packages/motoko-ext-compaction-structural",
      "source": "path",
      "version": "1.1.0"
    },
    {
      "ailang": ">=0.21.0",
      "content_hash": "sha256:19d2ce55c720bbca0358f4f98543289708a1f2f40482dce58c837b994526dcde",
      "effects": [
        "AI",
        "Clock",
        "Env",
        "FS",
        "IO",
        "Net",
        "Process",
        "Rand",
        "SharedMem",
        "Stream",
        "Trace"
      ],
      "exports": [
        "sunholo/motoko_ext_compose/author_loop",
        "sunholo/motoko_ext_compose/author_tools",
        "sunholo/motoko_ext_compose/authoring/dispatcher",
        "sunholo/motoko_ext_compose/authoring/render",
        "sunholo/motoko_ext_compose/authoring/state",
        "sunholo/motoko_ext_compose/claimcheck",
        "sunholo/motoko_ext_compose/compose",
        "sunholo/motoko_ext_compose/compose_body",
        "sunholo/motoko_ext_compose/config",
        "sunholo/motoko_ext_compose/guard",
        "sunholo/motoko_ext_compose/ledger",
        "sunholo/motoko_ext_compose/proc",
        "sunholo/motoko_ext_compose/prompts",
        "sunholo/motoko_ext_compose/register",
        "sunholo/motoko_ext_compose/retry",
        "sunholo/motoko_ext_compose/store",
        "sunholo/motoko_ext_compose/telemetry",
        "sunholo/motoko_ext_compose/types",
        "sunholo/motoko_ext_compose/validator"
      ],
      "interface_hash": "sha256:6bfcf9e45ffc986127c5538d698fd7ba9131bfd089505957c24a708fec1c2901",
      "name": "sunholo/motoko_ext_compose",
      "path": "packages/motoko-ext-compose",
      "source": "path",
      "version": "0.2.4"
    },
    {
      "ailang": ">=0.26.0",
      "content_hash": "sha256:5474e167acf3a2b6af390d2d3be653da14084213a19e25ae4ca57620631d60f0",
      "effects": [
        "AI",
        "Clock",
        "Env",
        "FS",
        "IO",
        "Net",
        "Process",
        "SharedMem",
        "Stream"
      ],
      "exports": [
        "sunholo/motoko_ext_conformance/fixtures/reject_fixtures",
        "sunholo/motoko_ext_conformance/harness",
        "sunholo/motoko_ext_conformance/invariants"
      ],
      "interface_hash": "sha256:044c9c6556e62fa243c5ceccae783cc4e1e60a05ee33088ae6fe34ee1ee14fdf",
      "name": "sunholo/motoko_ext_conformance",
      "path": "packages/motoko_ext_conformance",
      "source": "path",
      "version": "6.0.0"
    },
    {
      "ailang": ">=0.17.0",
      "content_hash": "sha256:cc07ff3ef689c37bc355191f837eb53f934d95f05be0754f04e70b705c15dd07",
      "effects": [
        "AI",
        "Clock",
        "Env",
        "FS",
        "IO",
        "Net",
        "Process",
        "Rand",
        "SharedIndex",
        "SharedMem",
        "Stream",
        "Trace"
      ],
      "exports": [
        "sunholo/motoko_ext_context_mode/compress",
        "sunholo/motoko_ext_context_mode/context_mode",
        "sunholo/motoko_ext_context_mode/exec",
        "sunholo/motoko_ext_context_mode/prompts",
        "sunholo/motoko_ext_context_mode/register",
        "sunholo/motoko_ext_context_mode/types"
      ],
      "interface_hash": "sha256:3dee14c64383a0cd5ff23da857183b67917e81e42460631211fc15560746c29b",
      "name": "sunholo/motoko_ext_context_mode",
      "path": "packages/motoko-ext-context-mode",
      "source": "path",
      "version": "0.2.2"
    },
    {
      "ailang": ">=0.17.0",
      "content_hash": "sha256:78298d38f34ea60349d2d4a799d7720cfcad9fd8a715423ce0681ac879fa8253",
      "effects": [],
      "exports": [
        "sunholo/motoko_ext_decision_framework/register"
      ],
      "interface_hash": "sha256:b211b27840a2c17d9a8e74b7a762ea463cb322a502caafb8d5fe90d58451c7af",
      "name": "sunholo/motoko_ext_decision_framework",
      "path": "packages/motoko-ext-decision-framework",
      "source": "path",
      "version": "0.2.2"
    },
    {
      "ailang": ">=0.26.0",
      "content_hash": "sha256:cbfbbef9edd050063ab57d7a2980a1798f6a0a2c7a294458c3c9b8abec54cfa8",
      "effects": [
        "AI",
        "Clock",
        "Env",
        "FS",
        "IO",
        "Net",
        "Process",
        "SharedMem",
        "Stream"
      ],
      "exports": [
        "sunholo/motoko_ext_empty_stop_guard/empty_stop_guard",
        "sunholo/motoko_ext_empty_stop_guard/register"
      ],
      "interface_hash": "sha256:e962e5ecad229f177c2f830383858e9768181d61122c4019d79be0d4f6c44a41",
      "name": "sunholo/motoko_ext_empty_stop_guard",
      "path": "packages/motoko-ext-empty-stop-guard",
      "source": "path",
      "version": "0.1.0"
    },
    {
      "content_hash": "sha256:db2100b3a15b0b1ed5ac4af3c6bc4a07f49ee4019096e6821fa1b8f3e31ef264",
      "effects": [
        "AI",
        "Clock",
        "Env",
        "FS",
        "IO",
        "Net",
        "Process",
        "Rand",
        "SharedMem",
        "Stream",
        "Trace"
      ],
      "exports": [
        "sunholo/motoko_ext_exa_search/exa_search",
        "sunholo/motoko_ext_exa_search/prompts",
        "sunholo/motoko_ext_exa_search/register",
        "sunholo/motoko_ext_exa_search/types"
      ],
      "interface_hash": "sha256:c6ed3739976688ea36bbfd3300977587ebbe7ae5e13061e0d563d217533ed497",
      "name": "sunholo/motoko_ext_exa_search",
      "path": "packages/motoko-ext-exa-search",
      "source": "path",
      "version": "0.2.7"
    },
    {
      "content_hash": "sha256:e1e96240660e9c03788b1ca709403f9429873614291c3fbc5447c8a7cc7b1742",
      "effects": [
        "AI",
        "Clock",
        "Env",
        "FS",
        "IO",
        "Net",
        "Process",
        "Rand",
        "SharedMem",
        "Stream",
        "Trace"
      ],
      "exports": [
        "sunholo/motoko_ext_herdr/dagr",
        "sunholo/motoko_ext_herdr/herdr",
        "sunholo/motoko_ext_herdr/orchestrator",
        "sunholo/motoko_ext_herdr/register",
        "sunholo/motoko_ext_herdr/types"
      ],
      "interface_hash": "sha256:f20b37822432439eb3ae856a3f5714847184e4ace840bd77ca39217d32130a03",
      "name": "sunholo/motoko_ext_herdr",
      "path": "packages/motoko-ext-herdr",
      "source": "path",
      "version": "0.1.0"
    },
    {
      "ailang": ">=0.18.11",
      "content_hash": "sha256:eb23fbfedc25b75c0b3cfeaf8c0dc5877071759534398c06c57ecb0b8ae6fcfb",
      "effects": [
        "AI",
        "Clock",
        "Env",
        "FS",
        "IO",
        "Net",
        "Process",
        "Rand",
        "SharedMem",
        "Stream",
        "Trace"
      ],
      "exports": [
        "sunholo/motoko_ext_mcp/assets",
        "sunholo/motoko_ext_mcp/compress",
        "sunholo/motoko_ext_mcp/exec",
        "sunholo/motoko_ext_mcp/mcp",
        "sunholo/motoko_ext_mcp/register",
        "sunholo/motoko_ext_mcp/resolve",
        "sunholo/motoko_ext_mcp/types"
      ],
      "interface_hash": "sha256:2e5035147ce066e55aa83191b07f17e3781166091d9ad0aa5a0e83286b3ef08c",
      "name": "sunholo/motoko_ext_mcp",
      "path": "packages/motoko-ext-mcp",
      "source": "path",
      "version": "0.2.7"
    },
    {
      "ailang": ">=0.17.0",
      "content_hash": "sha256:6555962918422b7b0259aef1cb0553937bfbcd2a7f31f6c3d0a3c6a68b17dc5e",
      "effects": [
        "AI",
        "Clock",
        "Env",
        "FS",
        "IO",
        "Net",
        "Process",
        "Rand",
        "SharedMem",
        "Stream",
        "Trace"
      ],
      "exports": [
        "sunholo/motoko_ext_microrag/register"
      ],
      "interface_hash": "sha256:c6d76fc7aee9033c81549e1fc2c4a425d31f56dd0a3516c66437700b7c289065",
      "name": "sunholo/motoko_ext_microrag",
      "path": "packages/motoko-ext-microrag",
      "source": "path",
      "version": "0.4.2"
    },
    {
      "ailang": ">=0.18.11",
      "content_hash": "sha256:7d3bec0120cf7919706c85d122b32111198b26705781ec32098cf17bb09703c0",
      "effects": [
        "AI",
        "Clock",
        "Env",
        "FS",
        "IO",
        "Net",
        "Process",
        "Rand",
        "SharedMem",
        "Stream",
        "Trace"
      ],
      "exports": [
        "sunholo/motoko_ext_omnigraph/args",
        "sunholo/motoko_ext_omnigraph/exec",
        "sunholo/motoko_ext_omnigraph/guardrail",
        "sunholo/motoko_ext_omnigraph/normalize",
        "sunholo/motoko_ext_omnigraph/omnigraph",
        "sunholo/motoko_ext_omnigraph/prompts",
        "sunholo/motoko_ext_omnigraph/register",
        "sunholo/motoko_ext_omnigraph/types"
      ],
      "interface_hash": "sha256:bb69ad4e8dc4deca81e0df9e9f73231df37c2899137def6418fd889b00e14a65",
      "name": "sunholo/motoko_ext_omnigraph",
      "path": "packages/motoko-ext-omnigraph",
      "source": "path",
      "version": "0.2.3"
    },
    {
      "ailang": ">=0.26.0",
      "content_hash": "sha256:ba6156e84db9df987e444f81e32229e7002330a18f49cde7353d4970eb997124",
      "effects": [
        "AI",
        "Clock",
        "Env",
        "FS",
        "IO",
        "Net",
        "Process",
        "SharedMem",
        "Stream"
      ],
      "exports": [
        "sunholo/motoko_ext_progress_contract_guard/progress_contract_guard",
        "sunholo/motoko_ext_progress_contract_guard/register"
      ],
      "interface_hash": "sha256:3d9fe1475187db332755b4c59fb218fcee554985a0ed6ba6544c9d480c20bd3b",
      "name": "sunholo/motoko_ext_progress_contract_guard",
      "path": "packages/motoko-ext-progress-contract-guard",
      "source": "path",
      "version": "0.1.0"
    },
    {
      "ailang": ">=0.33.0",
      "content_hash": "sha256:39b54f6676413af1f62d5812f4da0f7800ac268035abb2e9d9eddf441240f274",
      "effects": [
        "AI",
        "Clock",
        "Env",
        "FS",
        "IO",
        "Net",
        "Process",
        "SharedMem",
        "Stream"
      ],
      "exports": [
        "sunholo/motoko_ext_repetition_guard/register",
        "sunholo/motoko_ext_repetition_guard/repetition_guard"
      ],
      "interface_hash": "sha256:71f77197f3e832ac691e1865e0986baac3902e5c507d39cf075931f762281a59",
      "name": "sunholo/motoko_ext_repetition_guard",
      "path": "packages/motoko-ext-repetition-guard",
      "source": "path",
      "version": "0.1.0"
    },
    {
      "content_hash": "sha256:222eb06f085b48fc0d81ad933a1167d2cb924e1333e4fd2b6806181d0c30a07b",
      "effects": [
        "AI",
        "Clock",
        "Env",
        "FS",
        "IO",
        "Net",
        "Process",
        "Rand",
        "SharedMem",
        "Stream",
        "Trace"
      ],
      "exports": [
        "sunholo/motoko_ext_scratchpad/prompts",
        "sunholo/motoko_ext_scratchpad/register",
        "sunholo/motoko_ext_scratchpad/scratchpad",
        "sunholo/motoko_ext_scratchpad/types",
        "sunholo/motoko_ext_scratchpad/ws_loopback"
      ],
      "interface_hash": "sha256:4b187d542a083794692bb7624ed7765c19c55ab164f4d4d4071ff57ab0c01d66",
      "name": "sunholo/motoko_ext_scratchpad",
      "path": "packages/motoko_scratchpad",
      "source": "path",
      "version": "0.1.0"
    },
    {
      "ailang": ">=0.17.0",
      "content_hash": "sha256:a92f8dbd1f7d0c071c59c43b5171262fe14af23b07efc7f053eaa9fbce0a4038",
      "effects": [
        "Env",
        "Process"
      ],
      "exports": [
        "sunholo/motoko_ext_test_dummy/register"
      ],
      "interface_hash": "sha256:4a0edeb907eb4fcf49beea5dcef8c45a2ae530783dd2abfd5992ef0b4fb93651",
      "name": "sunholo/motoko_ext_test_dummy",
      "path": "packages/motoko-ext-test-dummy",
      "source": "path",
      "version": "0.2.2"
    }
  ],
  "schema": "ailang.lock/v1",
  "schema_version": "1.0.0"
}
