{
  "ailang_version": "v0.24.2",
  "generated_at": "2026-06-21T12:00:58.941848763Z",
  "generator": "ailang lock v0.24.2",
  "packages": [
    {
      "ailang": ">=0.9.2",
      "content_hash": "sha256:ad23c73004ff9a1737767ee955ab7956a169b0f8dcbf1d3a7f6e0d0a176dac45",
      "effects": null,
      "exports": [
        "sunholo/logging/logger"
      ],
      "interface_hash": "sha256:99ebe707436f715a52bf897a8c4cca699acfbd83ff007a3d8e16f1c5608ce1e7",
      "name": "sunholo/logging",
      "source": "registry",
      "version": "0.4.0"
    },
    {
      "content_hash": "sha256:dd9c157a727eb1c8ef5c3c458c035b49aeafe8014aba430a64ef0bd834f82410",
      "effects": [
        "Env",
        "FS",
        "IO",
        "Net",
        "Rand"
      ],
      "exports": [
        "sunholo/motoko_ext_a2a/a2a",
        "sunholo/motoko_ext_a2a/config",
        "sunholo/motoko_ext_a2a/register",
        "sunholo/motoko_ext_a2a/types"
      ],
      "interface_hash": "sha256:34ae6a2ee77274abdfc380dd755246948501580dd1739dd197f33601c6ceac51",
      "name": "sunholo/motoko_ext_a2a",
      "source": "registry",
      "version": "0.2.2"
    },
    {
      "ailang": ">=0.17.0",
      "content_hash": "sha256:60d6ec4684d6bf80d1ec800efda7aa598ccbebcbf529dd6c760fd10c5c101956",
      "effects": [],
      "exports": [
        "sunholo/motoko_ext_abi/types"
      ],
      "interface_hash": "sha256:b7c7cb6f878bbe2719481a152e21eb27e699dafaf007bf0093397e7c10580f92",
      "name": "sunholo/motoko_ext_abi",
      "source": "registry",
      "version": "2.2.0"
    },
    {
      "ailang": ">=0.21.0",
      "content_hash": "sha256:23a47204a8b61a201afd38f320d2bb78e28e6c80e5e69b3ccc09b506d2a25f1d",
      "effects": [
        "AI",
        "Clock",
        "Env",
        "FS",
        "IO",
        "Net",
        "Process",
        "SharedMem",
        "Stream"
      ],
      "exports": [
        "sunholo/motoko_ext_ai_compat/ai_compat"
      ],
      "interface_hash": "sha256:b26f0daa4c37214249cb0445d8bc7391be5f0622fd7884fb757d7e548a3e3ba9",
      "name": "sunholo/motoko_ext_ai_compat",
      "source": "registry",
      "version": "0.2.1"
    },
    {
      "ailang": ">=0.18.11",
      "content_hash": "sha256:f4f61987d4e4897a3d00842dc8f55a033918cbd563ab3ed12655046306f6a140",
      "effects": [
        "Env",
        "FS",
        "Process"
      ],
      "exports": [
        "sunholo/motoko_ext_ailang_docs/ailang_docs",
        "sunholo/motoko_ext_ailang_docs/prompts",
        "sunholo/motoko_ext_ailang_docs/register",
        "sunholo/motoko_ext_ailang_docs/types"
      ],
      "interface_hash": "sha256:dab0db4a30c94c946484dba4acf4eed3acbb8c2d25b877d0a47de4f5d66ef3a4",
      "name": "sunholo/motoko_ext_ailang_docs",
      "source": "registry",
      "version": "0.1.4"
    },
    {
      "ailang": ">=0.19.1",
      "content_hash": "sha256:4f72857ac73d3b8702903e0fbaa30d76a4d2eab23f9cf181a5d219c9fcdbeeeb",
      "effects": [
        "AI",
        "Clock",
        "Env",
        "FS",
        "IO",
        "Net",
        "Process",
        "SharedMem",
        "Stream"
      ],
      "exports": [
        "sunholo/motoko_ext_compaction_ai/compaction_ai",
        "sunholo/motoko_ext_compaction_ai/register",
        "sunholo/motoko_ext_compaction_ai/types"
      ],
      "interface_hash": "sha256:2b85b40984299498af68ed3068d2b45a0f33b57b87614cb4f1e1f9e477a063e8",
      "name": "sunholo/motoko_ext_compaction_ai",
      "source": "registry",
      "version": "0.2.0"
    },
    {
      "ailang": ">=0.21.0",
      "content_hash": "sha256:e84635186f1b6c61ba57005820a93b05b6eebde137cfbe94521bfe63750713cc",
      "effects": [
        "AI",
        "Clock",
        "Env",
        "FS",
        "IO",
        "Net",
        "Process",
        "SharedMem",
        "Stream"
      ],
      "exports": [
        "sunholo/motoko_ext_compose/author_loop",
        "sunholo/motoko_ext_compose/author_tools",
        "sunholo/motoko_ext_compose/authoring/dispatcher",
        "sunholo/motoko_ext_compose/authoring/render",
        "sunholo/motoko_ext_compose/authoring/state",
        "sunholo/motoko_ext_compose/claimcheck",
        "sunholo/motoko_ext_compose/compose",
        "sunholo/motoko_ext_compose/compose_body",
        "sunholo/motoko_ext_compose/config",
        "sunholo/motoko_ext_compose/guard",
        "sunholo/motoko_ext_compose/ledger",
        "sunholo/motoko_ext_compose/prompts",
        "sunholo/motoko_ext_compose/register",
        "sunholo/motoko_ext_compose/retry",
        "sunholo/motoko_ext_compose/store",
        "sunholo/motoko_ext_compose/telemetry",
        "sunholo/motoko_ext_compose/types",
        "sunholo/motoko_ext_compose/validator"
      ],
      "interface_hash": "sha256:e74319da8d0349187cbda3197617215173b764ba6c8c5f38922f794c9dbe1341",
      "name": "sunholo/motoko_ext_compose",
      "source": "registry",
      "version": "0.2.4"
    },
    {
      "ailang": ">=0.17.0",
      "content_hash": "sha256:12b246bb7c453aa6973a078c0284118f4dea394e5e52ffff3fb4bfa188923e49",
      "effects": [
        "Clock",
        "Env",
        "FS",
        "Process",
        "SharedIndex",
        "SharedMem"
      ],
      "exports": [
        "sunholo/motoko_ext_context_mode/compress",
        "sunholo/motoko_ext_context_mode/context_mode",
        "sunholo/motoko_ext_context_mode/exec",
        "sunholo/motoko_ext_context_mode/prompts",
        "sunholo/motoko_ext_context_mode/register",
        "sunholo/motoko_ext_context_mode/types"
      ],
      "interface_hash": "sha256:a449adb0a65552c085b8a48f136e78a29a3d2390902b2a51acc1815f372632e1",
      "name": "sunholo/motoko_ext_context_mode",
      "path": "packages/motoko-ext-context-mode",
      "source": "path",
      "version": "0.2.2"
    },
    {
      "ailang": ">=0.17.0",
      "content_hash": "sha256:9e688d0cddec800617055879f6c682f7d8bb5b15ee046ff825b08c69db9e67be",
      "effects": [],
      "exports": [
        "sunholo/motoko_ext_decision_framework/register"
      ],
      "interface_hash": "sha256:b211b27840a2c17d9a8e74b7a762ea463cb322a502caafb8d5fe90d58451c7af",
      "name": "sunholo/motoko_ext_decision_framework",
      "source": "registry",
      "version": "0.2.2"
    },
    {
      "content_hash": "sha256:9f573b402fd8472957b9f4389c183a197602c36f6bde746764ce5146eb9f4c92",
      "effects": [
        "Env",
        "FS",
        "Process"
      ],
      "exports": [
        "sunholo/motoko_ext_exa_search/exa_search",
        "sunholo/motoko_ext_exa_search/prompts",
        "sunholo/motoko_ext_exa_search/register",
        "sunholo/motoko_ext_exa_search/types"
      ],
      "interface_hash": "sha256:a3e8d04c42458504445f5104732e1e19c3a21c9b2ff70ff5049458575a26dc60",
      "name": "sunholo/motoko_ext_exa_search",
      "source": "registry",
      "version": "0.2.7"
    },
    {
      "ailang": ">=0.18.11",
      "content_hash": "sha256:c56f63e16a6840154fe9d17c706acf41324711b0dc286852201ee310f6e660cf",
      "effects": [
        "Env",
        "FS",
        "IO",
        "Process"
      ],
      "exports": [
        "sunholo/motoko_ext_mcp/assets",
        "sunholo/motoko_ext_mcp/compress",
        "sunholo/motoko_ext_mcp/exec",
        "sunholo/motoko_ext_mcp/mcp",
        "sunholo/motoko_ext_mcp/register",
        "sunholo/motoko_ext_mcp/resolve",
        "sunholo/motoko_ext_mcp/types"
      ],
      "interface_hash": "sha256:b54212453e0e57926c515dfcd4075235c4b5c20ec7e530a6d72431a3ac7ee77c",
      "name": "sunholo/motoko_ext_mcp",
      "source": "registry",
      "version": "0.2.7"
    },
    {
      "ailang": ">=0.17.0",
      "content_hash": "sha256:c318518dae092e4d851ff889647595ebc28010829e49596b7b28eb58ebc9e397",
      "effects": [
        "AI",
        "Clock",
        "Env",
        "FS",
        "IO",
        "Net",
        "Process",
        "SharedMem",
        "Stream"
      ],
      "exports": [
        "sunholo/motoko_ext_microrag/register"
      ],
      "interface_hash": "sha256:5f507270c981fe6b2a8f8a30c7e427971e00afadb9826315fe0e7804863c4f13",
      "name": "sunholo/motoko_ext_microrag",
      "source": "registry",
      "version": "0.4.2"
    },
    {
      "ailang": ">=0.18.11",
      "content_hash": "sha256:2d43f6d4dd09ff1a88225736e1f35d0e7290dfdf232aed70a46d248a2c8d4919",
      "effects": [
        "Env",
        "FS",
        "IO",
        "Process",
        "SharedMem"
      ],
      "exports": [
        "sunholo/motoko_ext_omnigraph/args",
        "sunholo/motoko_ext_omnigraph/exec",
        "sunholo/motoko_ext_omnigraph/guardrail",
        "sunholo/motoko_ext_omnigraph/normalize",
        "sunholo/motoko_ext_omnigraph/omnigraph",
        "sunholo/motoko_ext_omnigraph/prompts",
        "sunholo/motoko_ext_omnigraph/register",
        "sunholo/motoko_ext_omnigraph/types"
      ],
      "interface_hash": "sha256:4878133f10f38684a944297ce9f3245152ad4be72a19d1269d59ab7b298e04d2",
      "name": "sunholo/motoko_ext_omnigraph",
      "source": "registry",
      "version": "0.2.3"
    },
    {
      "content_hash": "sha256:9d975ac8abc94893c3008cd2864f2b59aafe430f4da56406544900bb2431da3d",
      "effects": [
        "AI",
        "Clock",
        "Env",
        "FS",
        "IO",
        "Net",
        "Process",
        "SharedMem",
        "Stream"
      ],
      "exports": [
        "sunholo/motoko_ext_scratchpad/prompts",
        "sunholo/motoko_ext_scratchpad/register",
        "sunholo/motoko_ext_scratchpad/scratchpad",
        "sunholo/motoko_ext_scratchpad/types",
        "sunholo/motoko_ext_scratchpad/ws_loopback"
      ],
      "interface_hash": "sha256:2452070ba84cb0a772be858adbd2166733a1c3b7f337ed97f025adc07f144a42",
      "name": "sunholo/motoko_ext_scratchpad",
      "path": "packages/motoko_scratchpad",
      "source": "path",
      "version": "0.1.0"
    },
    {
      "ailang": ">=0.17.0",
      "content_hash": "sha256:cd46cbe86e9243721133d3d0dc2c82d8d1fdc6e45d7f0f91782db0cf9042b388",
      "effects": [
        "Env"
      ],
      "exports": [
        "sunholo/motoko_ext_test_dummy/register"
      ],
      "interface_hash": "sha256:2622ae3b293781330729498a6571cb25fc1f4ccb900b0b494f316b8f61500e80",
      "name": "sunholo/motoko_ext_test_dummy",
      "source": "registry",
      "version": "0.2.2"
    }
  ],
  "schema": "ailang.lock/v1",
  "schema_version": "1.0.0"
}
