{
  "ailang_version": "v0.26.0",
  "generated_at": "2026-07-03T20:27:09.129182418Z",
  "generator": "ailang lock v0.26.0",
  "packages": [
    {
      "content_hash": "sha256:f9e7a6681b3050d5e03fd44125f1c41631c783c6d1b1323e57ce22d6483e40d5",
      "effects": [
        "AI",
        "Clock",
        "Env",
        "FS",
        "IO",
        "Net",
        "Process",
        "SharedIndex",
        "SharedMem",
        "Stream"
      ],
      "exports": [
        "src/core/compaction",
        "src/core/compress",
        "src/core/config",
        "src/core/tool_contract",
        "src/core/types"
      ],
      "interface_hash": "sha256:088dde5efbad8ec81ece0f5b87809e3162ae9b62f9af300b7e9647d0dfd64f5c",
      "name": "sunholo/motoko_core",
      "path": "/workspaces/motoko_agent/.packages/motoko_core",
      "source": "path",
      "version": "0.1.0"
    },
    {
      "ailang": ">=0.17.0",
      "content_hash": "sha256:60d6ec4684d6bf80d1ec800efda7aa598ccbebcbf529dd6c760fd10c5c101956",
      "effects": [],
      "exports": [
        "sunholo/motoko_ext_abi/types"
      ],
      "interface_hash": "sha256:b7c7cb6f878bbe2719481a152e21eb27e699dafaf007bf0093397e7c10580f92",
      "name": "sunholo/motoko_ext_abi",
      "source": "registry",
      "version": "2.2.0"
    }
  ],
  "schema": "ailang.lock/v1",
  "schema_version": "1.0.0"
}
