{
  "ailang_version": "v0.26.0",
  "generated_at": "2026-07-11T11:48:00.641455374Z",
  "generator": "ailang lock v0.26.0",
  "packages": [
    {
      "ailang": ">=0.17.0",
      "content_hash": "sha256:a40cb4c84961238a7d3ce881a868069f4aed2a15736abe68d374c8160f210052",
      "effects": [],
      "exports": [
        "sunholo/motoko_ext_abi/types"
      ],
      "interface_hash": "sha256:b7c7cb6f878bbe2719481a152e21eb27e699dafaf007bf0093397e7c10580f92",
      "name": "sunholo/motoko_ext_abi",
      "path": "/workspaces/motoko_agent/packages/motoko-ext-abi",
      "source": "path",
      "version": "4.0"
    }
  ],
  "schema": "ailang.lock/v1",
  "schema_version": "1.0.0"
}
