{
  "ailang_version": "v0.47.0-6-gcc021f329-dirty",
  "generated_at": "2026-09-28T14:35:25.033089Z",
  "generator": "ailang lock v0.47.0-6-gcc021f329-dirty",
  "packages": [
    {
      "ailang": ">=0.17.0",
      "content_hash": "sha256:7804bdc524d4f36e780267bd1717e18b2cbb53fad7516601a64663e8fe692e2e",
      "effects": [],
      "exports": [
        "sunholo/motoko_ext_abi/types"
      ],
      "interface_hash": "sha256:b7c7cb6f878bbe2719481a152e21eb27e699dafaf007bf0093397e7c10580f92",
      "name": "sunholo/motoko_ext_abi",
      "path": "../motoko-ext-abi",
      "source": "path",
      "version": "8.0"
    }
  ],
  "schema": "ailang.lock/v1",
  "schema_version": "1.0.0"
}
